// !$*UTF8*$!
{
	archiveVersion = 1;
	classes = {
	};
	objectVersion = 56;
	objects = {

/* Begin PBXBuildFile section */
		6F576C742C4A88A30080EC10 /* PhenomenaCell.swift in Sources */ = {isa = PBXBuildFile; fileRef = 6F576C732C4A88A30080EC10 /* PhenomenaCell.swift */; };
		6F576C762C4A893C0080EC10 /* CustomCellView.swift in Sources */ = {isa = PBXBuildFile; fileRef = 6F576C752C4A893C0080EC10 /* CustomCellView.swift */; };
		6F576C782C4E4E930080EC10 /* MockService.swift in Sources */ = {isa = PBXBuildFile; fileRef = 6F576C772C4E4E930080EC10 /* MockService.swift */; };
		6F576C7A2C4EB1B30080EC10 /* StringExtension.swift in Sources */ = {isa = PBXBuildFile; fileRef = 6F576C792C4EB1B30080EC10 /* StringExtension.swift */; };
		6F576C7E2C4EB2C20080EC10 /* Localizable.strings in Resources */ = {isa = PBXBuildFile; fileRef = 6F576C7C2C4EB2C20080EC10 /* Localizable.strings */; };
		6F576C812C4EE63F0080EC10 /* MockServiceProtocol.swift in Sources */ = {isa = PBXBuildFile; fileRef = 6F576C802C4EE63F0080EC10 /* MockServiceProtocol.swift */; };
		6FA10C3D2C495EE400D15985 /* AppDelegate.swift in Sources */ = {isa = PBXBuildFile; fileRef = 6FA10C3C2C495EE400D15985 /* AppDelegate.swift */; };
		6FA10C3F2C495EE400D15985 /* SceneDelegate.swift in Sources */ = {isa = PBXBuildFile; fileRef = 6FA10C3E2C495EE400D15985 /* SceneDelegate.swift */; };
		6FA10C412C495EE400D15985 /* WeatherHomeViewController.swift in Sources */ = {isa = PBXBuildFile; fileRef = 6FA10C402C495EE400D15985 /* WeatherHomeViewController.swift */; };
		6FA10C462C495EE500D15985 /* Assets.xcassets in Resources */ = {isa = PBXBuildFile; fileRef = 6FA10C452C495EE500D15985 /* Assets.xcassets */; };
		6FA10C492C495EE500D15985 /* Base in Resources */ = {isa = PBXBuildFile; fileRef = 6FA10C482C495EE500D15985 /* Base */; };
		6FA10C552C4A823D00D15985 /* Phenomenon.swift in Sources */ = {isa = PBXBuildFile; fileRef = 6FA10C542C4A823D00D15985 /* Phenomenon.swift */; };
/* End PBXBuildFile section */

/* Begin PBXFileReference section */
		6F576C732C4A88A30080EC10 /* PhenomenaCell.swift */ = {isa = PBXFileReference; lastKnownFileType = sourcecode.swift; path = PhenomenaCell.swift; sourceTree = "<group>"; };
		6F576C752C4A893C0080EC10 /* CustomCellView.swift */ = {isa = PBXFileReference; lastKnownFileType = sourcecode.swift; path = CustomCellView.swift; sourceTree = "<group>"; };
		6F576C772C4E4E930080EC10 /* MockService.swift */ = {isa = PBXFileReference; lastKnownFileType = sourcecode.swift; path = MockService.swift; sourceTree = "<group>"; };
		6F576C792C4EB1B30080EC10 /* StringExtension.swift */ = {isa = PBXFileReference; lastKnownFileType = sourcecode.swift; path = StringExtension.swift; sourceTree = "<group>"; };
		6F576C7B2C4EB2720080EC10 /* ru */ = {isa = PBXFileReference; lastKnownFileType = text.plist.strings; name = ru; path = ru.lproj/LaunchScreen.strings; sourceTree = "<group>"; };
		6F576C7D2C4EB2C20080EC10 /* en */ = {isa = PBXFileReference; lastKnownFileType = text.plist.strings; name = en; path = en.lproj/Localizable.strings; sourceTree = "<group>"; };
		6F576C7F2C4EB2D30080EC10 /* ru */ = {isa = PBXFileReference; lastKnownFileType = text.plist.strings; name = ru; path = ru.lproj/Localizable.strings; sourceTree = "<group>"; };
		6F576C802C4EE63F0080EC10 /* MockServiceProtocol.swift */ = {isa = PBXFileReference; lastKnownFileType = sourcecode.swift; path = MockServiceProtocol.swift; sourceTree = "<group>"; };
		6FA10C392C495EE400D15985 /* Weather.app */ = {isa = PBXFileReference; explicitFileType = wrapper.application; includeInIndex = 0; path = Weather.app; sourceTree = BUILT_PRODUCTS_DIR; };
		6FA10C3C2C495EE400D15985 /* AppDelegate.swift */ = {isa = PBXFileReference; lastKnownFileType = sourcecode.swift; path = AppDelegate.swift; sourceTree = "<group>"; };
		6FA10C3E2C495EE400D15985 /* SceneDelegate.swift */ = {isa = PBXFileReference; lastKnownFileType = sourcecode.swift; path = SceneDelegate.swift; sourceTree = "<group>"; };
		6FA10C402C495EE400D15985 /* WeatherHomeViewController.swift */ = {isa = PBXFileReference; lastKnownFileType = sourcecode.swift; path = WeatherHomeViewController.swift; sourceTree = "<group>"; };
		6FA10C452C495EE500D15985 /* Assets.xcassets */ = {isa = PBXFileReference; lastKnownFileType = folder.assetcatalog; path = Assets.xcassets; sourceTree = "<group>"; };
		6FA10C482C495EE500D15985 /* Base */ = {isa = PBXFileReference; lastKnownFileType = file.storyboard; name = Base; path = Base.lproj/LaunchScreen.storyboard; sourceTree = "<group>"; };
		6FA10C4A2C495EE500D15985 /* Info.plist */ = {isa = PBXFileReference; lastKnownFileType = text.plist.xml; name = Info.plist; path = Weather/Supporting/Info.plist; sourceTree = SOURCE_ROOT; };
		6FA10C542C4A823D00D15985 /* Phenomenon.swift */ = {isa = PBXFileReference; lastKnownFileType = sourcecode.swift; path = Phenomenon.swift; sourceTree = "<group>"; };
/* End PBXFileReference section */

/* Begin PBXFrameworksBuildPhase section */
		6FA10C362C495EE400D15985 /* Frameworks */ = {
			isa = PBXFrameworksBuildPhase;
			buildActionMask = 2147483647;
			files = (
			);
			runOnlyForDeploymentPostprocessing = 0;
		};
/* End PBXFrameworksBuildPhase section */

/* Begin PBXGroup section */
		6F576C722C4A88890080EC10 /* View */ = {
			isa = PBXGroup;
			children = (
				6FA10C402C495EE400D15985 /* WeatherHomeViewController.swift */,
				6F576C732C4A88A30080EC10 /* PhenomenaCell.swift */,
				6F576C752C4A893C0080EC10 /* CustomCellView.swift */,
			);
			path = View;
			sourceTree = "<group>";
		};
		6FA10C302C495EE400D15985 = {
			isa = PBXGroup;
			children = (
				6FA10C3B2C495EE400D15985 /* Weather */,
				6FA10C3A2C495EE400D15985 /* Products */,
			);
			sourceTree = "<group>";
		};
		6FA10C3A2C495EE400D15985 /* Products */ = {
			isa = PBXGroup;
			children = (
				6FA10C392C495EE400D15985 /* Weather.app */,
			);
			name = Products;
			sourceTree = "<group>";
		};
		6FA10C3B2C495EE400D15985 /* Weather */ = {
			isa = PBXGroup;
			children = (
				6F576C722C4A88890080EC10 /* View */,
				6FA10C532C4A822C00D15985 /* Model */,
				6FA10C522C4A761400D15985 /* Supporting */,
			);
			path = Weather;
			sourceTree = "<group>";
		};
		6FA10C522C4A761400D15985 /* Supporting */ = {
			isa = PBXGroup;
			children = (
				6FA10C3C2C495EE400D15985 /* AppDelegate.swift */,
				6FA10C3E2C495EE400D15985 /* SceneDelegate.swift */,
				6FA10C452C495EE500D15985 /* Assets.xcassets */,
				6FA10C472C495EE500D15985 /* LaunchScreen.storyboard */,
				6FA10C4A2C495EE500D15985 /* Info.plist */,
				6F576C792C4EB1B30080EC10 /* StringExtension.swift */,
				6F576C7C2C4EB2C20080EC10 /* Localizable.strings */,
			);
			path = Supporting;
			sourceTree = "<group>";
		};
		6FA10C532C4A822C00D15985 /* Model */ = {
			isa = PBXGroup;
			children = (
				6FA10C542C4A823D00D15985 /* Phenomenon.swift */,
				6F576C772C4E4E930080EC10 /* MockService.swift */,
				6F576C802C4EE63F0080EC10 /* MockServiceProtocol.swift */,
			);
			path = Model;
			sourceTree = "<group>";
		};
/* End PBXGroup section */

/* Begin PBXNativeTarget section */
		6FA10C382C495EE400D15985 /* Weather */ = {
			isa = PBXNativeTarget;
			buildConfigurationList = 6FA10C4D2C495EE500D15985 /* Build configuration list for PBXNativeTarget "Weather" */;
			buildPhases = (
				6FA10C352C495EE400D15985 /* Sources */,
				6FA10C362C495EE400D15985 /* Frameworks */,
				6FA10C372C495EE400D15985 /* Resources */,
			);
			buildRules = (
			);
			dependencies = (
			);
			name = Weather;
			productName = Weather;
			productReference = 6FA10C392C495EE400D15985 /* Weather.app */;
			productType = "com.apple.product-type.application";
		};
/* End PBXNativeTarget section */

/* Begin PBXProject section */
		6FA10C312C495EE400D15985 /* Project object */ = {
			isa = PBXProject;
			attributes = {
				BuildIndependentTargetsInParallel = 1;
				LastSwiftUpdateCheck = 1540;
				LastUpgradeCheck = 1540;
				TargetAttributes = {
					6FA10C382C495EE400D15985 = {
						CreatedOnToolsVersion = 15.4;
					};
				};
			};
			buildConfigurationList = 6FA10C342C495EE400D15985 /* Build configuration list for PBXProject "Weather" */;
			compatibilityVersion = "Xcode 14.0";
			developmentRegion = en;
			hasScannedForEncodings = 0;
			knownRegions = (
				en,
				Base,
				ru,
			);
			mainGroup = 6FA10C302C495EE400D15985;
			productRefGroup = 6FA10C3A2C495EE400D15985 /* Products */;
			projectDirPath = "";
			projectRoot = "";
			targets = (
				6FA10C382C495EE400D15985 /* Weather */,
			);
		};
/* End PBXProject section */

/* Begin PBXResourcesBuildPhase section */
		6FA10C372C495EE400D15985 /* Resources */ = {
			isa = PBXResourcesBuildPhase;
			buildActionMask = 2147483647;
			files = (
				6FA10C462C495EE500D15985 /* Assets.xcassets in Resources */,
				6F576C7E2C4EB2C20080EC10 /* Localizable.strings in Resources */,
				6FA10C492C495EE500D15985 /* Base in Resources */,
			);
			runOnlyForDeploymentPostprocessing = 0;
		};
/* End PBXResourcesBuildPhase section */

/* Begin PBXSourcesBuildPhase section */
		6FA10C352C495EE400D15985 /* Sources */ = {
			isa = PBXSourcesBuildPhase;
			buildActionMask = 2147483647;
			files = (
				6F576C782C4E4E930080EC10 /* MockService.swift in Sources */,
				6F576C742C4A88A30080EC10 /* PhenomenaCell.swift in Sources */,
				6F576C812C4EE63F0080EC10 /* MockServiceProtocol.swift in Sources */,
				6F576C762C4A893C0080EC10 /* CustomCellView.swift in Sources */,
				6FA10C412C495EE400D15985 /* WeatherHomeViewController.swift in Sources */,
				6F576C7A2C4EB1B30080EC10 /* StringExtension.swift in Sources */,
				6FA10C552C4A823D00D15985 /* Phenomenon.swift in Sources */,
				6FA10C3D2C495EE400D15985 /* AppDelegate.swift in Sources */,
				6FA10C3F2C495EE400D15985 /* SceneDelegate.swift in Sources */,
			);
			runOnlyForDeploymentPostprocessing = 0;
		};
/* End PBXSourcesBuildPhase section */

/* Begin PBXVariantGroup section */
		6F576C7C2C4EB2C20080EC10 /* Localizable.strings */ = {
			isa = PBXVariantGroup;
			children = (
				6F576C7D2C4EB2C20080EC10 /* en */,
				6F576C7F2C4EB2D30080EC10 /* ru */,
			);
			name = Localizable.strings;
			sourceTree = "<group>";
		};
		6FA10C472C495EE500D15985 /* LaunchScreen.storyboard */ = {
			isa = PBXVariantGroup;
			children = (
				6FA10C482C495EE500D15985 /* Base */,
				6F576C7B2C4EB2720080EC10 /* ru */,
			);
			name = LaunchScreen.storyboard;
			sourceTree = "<group>";
		};
/* End PBXVariantGroup section */

/* Begin XCBuildConfiguration section */
		6FA10C4B2C495EE500D15985 /* Debug */ = {
			isa = XCBuildConfiguration;
			buildSettings = {
				ALWAYS_SEARCH_USER_PATHS = NO;
				ASSETCATALOG_COMPILER_GENERATE_SWIFT_ASSET_SYMBOL_EXTENSIONS = YES;
				CLANG_ANALYZER_LOCALIZABILITY_NONLOCALIZED = YES;
				CLANG_ANALYZER_NONNULL = YES;
				CLANG_ANALYZER_NUMBER_OBJECT_CONVERSION = YES_AGGRESSIVE;
				CLANG_CXX_LANGUAGE_STANDARD = "gnu++20";
				CLANG_ENABLE_MODULES = YES;
				CLANG_ENABLE_OBJC_ARC = YES;
				CLANG_ENABLE_OBJC_WEAK = YES;
				CLANG_WARN_BLOCK_CAPTURE_AUTORELEASING = YES;
				CLANG_WARN_BOOL_CONVERSION = YES;
				CLANG_WARN_COMMA = YES;
				CLANG_WARN_CONSTANT_CONVERSION = YES;
				CLANG_WARN_DEPRECATED_OBJC_IMPLEMENTATIONS = YES;
				CLANG_WARN_DIRECT_OBJC_ISA_USAGE = YES_ERROR;
				CLANG_WARN_DOCUMENTATION_COMMENTS = YES;
				CLANG_WARN_EMPTY_BODY = YES;
				CLANG_WARN_ENUM_CONVERSION = YES;
				CLANG_WARN_INFINITE_RECURSION = YES;
				CLANG_WARN_INT_CONVERSION = YES;
				CLANG_WARN_NON_LITERAL_NULL_CONVERSION = YES;
				CLANG_WARN_OBJC_IMPLICIT_RETAIN_SELF = YES;
				CLANG_WARN_OBJC_LITERAL_CONVERSION = YES;
				CLANG_WARN_OBJC_ROOT_CLASS = YES_ERROR;
				CLANG_WARN_QUOTED_INCLUDE_IN_FRAMEWORK_HEADER = YES;
				CLANG_WARN_RANGE_LOOP_ANALYSIS = YES;
				CLANG_WARN_STRICT_PROTOTYPES = YES;
				CLANG_WARN_SUSPICIOUS_MOVE = YES;
				CLANG_WARN_UNGUARDED_AVAILABILITY = YES_AGGRESSIVE;
				CLANG_WARN_UNREACHABLE_CODE = YES;
				CLANG_WARN__DUPLICATE_METHOD_MATCH = YES;
				COPY_PHASE_STRIP = NO;
				DEBUG_INFORMATION_FORMAT = dwarf;
				ENABLE_STRICT_OBJC_MSGSEND = YES;
				ENABLE_TESTABILITY = YES;
				ENABLE_USER_SCRIPT_SANDBOXING = YES;
				GCC_C_LANGUAGE_STANDARD = gnu17;
				GCC_DYNAMIC_NO_PIC = NO;
				GCC_NO_COMMON_BLOCKS = YES;
				GCC_OPTIMIZATION_LEVEL = 0;
				GCC_PREPROCESSOR_DEFINITIONS = (
					"DEBUG=1",
					"$(inherited)",
				);
				GCC_WARN_64_TO_32_BIT_CONVERSION = YES;
				GCC_WARN_ABOUT_RETURN_TYPE = YES_ERROR;
				GCC_WARN_UNDECLARED_SELECTOR = YES;
				GCC_WARN_UNINITIALIZED_AUTOS = YES_AGGRESSIVE;
				GCC_WARN_UNUSED_FUNCTION = YES;
				GCC_WARN_UNUSED_VARIABLE = YES;
				IPHONEOS_DEPLOYMENT_TARGET = 17.5;
				LOCALIZATION_PREFERS_STRING_CATALOGS = YES;
				MTL_ENABLE_DEBUG_INFO = INCLUDE_SOURCE;
				MTL_FAST_MATH = YES;
				ONLY_ACTIVE_ARCH = YES;
				SDKROOT = iphoneos;
				SWIFT_ACTIVE_COMPILATION_CONDITIONS = "DEBUG $(inherited)";
				SWIFT_OPTIMIZATION_LEVEL = "-Onone";
			};
			name = Debug;
		};
		6FA10C4C2C495EE500D15985 /* Release */ = {
			isa = XCBuildConfiguration;
			buildSettings = {
				ALWAYS_SEARCH_USER_PATHS = NO;
				ASSETCATALOG_COMPILER_GENERATE_SWIFT_ASSET_SYMBOL_EXTENSIONS = YES;
				CLANG_ANALYZER_LOCALIZABILITY_NONLOCALIZED = YES;
				CLANG_ANALYZER_NONNULL = YES;
				CLANG_ANALYZER_NUMBER_OBJECT_CONVERSION = YES_AGGRESSIVE;
				CLANG_CXX_LANGUAGE_STANDARD = "gnu++20";
				CLANG_ENABLE_MODULES = YES;
				CLANG_ENABLE_OBJC_ARC = YES;
				CLANG_ENABLE_OBJC_WEAK = YES;
				CLANG_WARN_BLOCK_CAPTURE_AUTORELEASING = YES;
				CLANG_WARN_BOOL_CONVERSION = YES;
				CLANG_WARN_COMMA = YES;
				CLANG_WARN_CONSTANT_CONVERSION = YES;
				CLANG_WARN_DEPRECATED_OBJC_IMPLEMENTATIONS = YES;
				CLANG_WARN_DIRECT_OBJC_ISA_USAGE = YES_ERROR;
				CLANG_WARN_DOCUMENTATION_COMMENTS = YES;
				CLANG_WARN_EMPTY_BODY = YES;
				CLANG_WARN_ENUM_CONVERSION = YES;
				CLANG_WARN_INFINITE_RECURSION = YES;
				CLANG_WARN_INT_CONVERSION = YES;
				CLANG_WARN_NON_LITERAL_NULL_CONVERSION = YES;
				CLANG_WARN_OBJC_IMPLICIT_RETAIN_SELF = YES;
				CLANG_WARN_OBJC_LITERAL_CONVERSION = YES;
				CLANG_WARN_OBJC_ROOT_CLASS = YES_ERROR;
				CLANG_WARN_QUOTED_INCLUDE_IN_FRAMEWORK_HEADER = YES;
				CLANG_WARN_RANGE_LOOP_ANALYSIS = YES;
				CLANG_WARN_STRICT_PROTOTYPES = YES;
				CLANG_WARN_SUSPICIOUS_MOVE = YES;
				CLANG_WARN_UNGUARDED_AVAILABILITY = YES_AGGRESSIVE;
				CLANG_WARN_UNREACHABLE_CODE = YES;
				CLANG_WARN__DUPLICATE_METHOD_MATCH = YES;
				COPY_PHASE_STRIP = NO;
				DEBUG_INFORMATION_FORMAT = "dwarf-with-dsym";
				ENABLE_NS_ASSERTIONS = NO;
				ENABLE_STRICT_OBJC_MSGSEND = YES;
				ENABLE_USER_SCRIPT_SANDBOXING = YES;
				GCC_C_LANGUAGE_STANDARD = gnu17;
				GCC_NO_COMMON_BLOCKS = YES;
				GCC_WARN_64_TO_32_BIT_CONVERSION = YES;
				GCC_WARN_ABOUT_RETURN_TYPE = YES_ERROR;
				GCC_WARN_UNDECLARED_SELECTOR = YES;
				GCC_WARN_UNINITIALIZED_AUTOS = YES_AGGRESSIVE;
				GCC_WARN_UNUSED_FUNCTION = YES;
				GCC_WARN_UNUSED_VARIABLE = YES;
				IPHONEOS_DEPLOYMENT_TARGET = 17.5;
				LOCALIZATION_PREFERS_STRING_CATALOGS = YES;
				MTL_ENABLE_DEBUG_INFO = NO;
				MTL_FAST_MATH = YES;
				SDKROOT = iphoneos;
				SWIFT_COMPILATION_MODE = wholemodule;
				VALIDATE_PRODUCT = YES;
			};
			name = Release;
		};
		6FA10C4E2C495EE500D15985 /* Debug */ = {
			isa = XCBuildConfiguration;
			buildSettings = {
				ASSETCATALOG_COMPILER_APPICON_NAME = AppIcon;
				ASSETCATALOG_COMPILER_GLOBAL_ACCENT_COLOR_NAME = AccentColor;
				CODE_SIGN_STYLE = Automatic;
				CURRENT_PROJECT_VERSION = 1;
				DEVELOPMENT_TEAM = A4CX93WV48;
				GENERATE_INFOPLIST_FILE = YES;
				INFOPLIST_FILE = Weather/Supporting/Info.plist;
				INFOPLIST_KEY_UIApplicationSupportsIndirectInputEvents = YES;
				INFOPLIST_KEY_UILaunchStoryboardName = LaunchScreen;
				INFOPLIST_KEY_UISupportedInterfaceOrientations_iPad = "UIInterfaceOrientationPortrait UIInterfaceOrientationPortraitUpsideDown UIInterfaceOrientationLandscapeLeft UIInterfaceOrientationLandscapeRight";
				INFOPLIST_KEY_UISupportedInterfaceOrientations_iPhone = "UIInterfaceOrientationPortrait UIInterfaceOrientationLandscapeLeft UIInterfaceOrientationLandscapeRight";
				LD_RUNPATH_SEARCH_PATHS = (
					"$(inherited)",
					"@executable_path/Frameworks",
				);
				MARKETING_VERSION = 1.0;
				PRODUCT_BUNDLE_IDENTIFIER = com.nikita.Weather;
				PRODUCT_NAME = "$(TARGET_NAME)";
				SWIFT_EMIT_LOC_STRINGS = YES;
				SWIFT_VERSION = 5.0;
				TARGETED_DEVICE_FAMILY = "1,2";
			};
			name = Debug;
		};
		6FA10C4F2C495EE500D15985 /* Release */ = {
			isa = XCBuildConfiguration;
			buildSettings = {
				ASSETCATALOG_COMPILER_APPICON_NAME = AppIcon;
				ASSETCATALOG_COMPILER_GLOBAL_ACCENT_COLOR_NAME = AccentColor;
				CODE_SIGN_STYLE = Automatic;
				CURRENT_PROJECT_VERSION = 1;
				DEVELOPMENT_TEAM = A4CX93WV48;
				GENERATE_INFOPLIST_FILE = YES;
				INFOPLIST_FILE = Weather/Supporting/Info.plist;
				INFOPLIST_KEY_UIApplicationSupportsIndirectInputEvents = YES;
				INFOPLIST_KEY_UILaunchStoryboardName = LaunchScreen;
				INFOPLIST_KEY_UISupportedInterfaceOrientations_iPad = "UIInterfaceOrientationPortrait UIInterfaceOrientationPortraitUpsideDown UIInterfaceOrientationLandscapeLeft UIInterfaceOrientationLandscapeRight";
				INFOPLIST_KEY_UISupportedInterfaceOrientations_iPhone = "UIInterfaceOrientationPortrait UIInterfaceOrientationLandscapeLeft UIInterfaceOrientationLandscapeRight";
				LD_RUNPATH_SEARCH_PATHS = (
					"$(inherited)",
					"@executable_path/Frameworks",
				);
				MARKETING_VERSION = 1.0;
				PRODUCT_BUNDLE_IDENTIFIER = com.nikita.Weather;
				PRODUCT_NAME = "$(TARGET_NAME)";
				SWIFT_EMIT_LOC_STRINGS = YES;
				SWIFT_VERSION = 5.0;
				TARGETED_DEVICE_FAMILY = "1,2";
			};
			name = Release;
		};
/* End XCBuildConfiguration section */

/* Begin XCConfigurationList section */
		6FA10C342C495EE400D15985 /* Build configuration list for PBXProject "Weather" */ = {
			isa = XCConfigurationList;
			buildConfigurations = (
				6FA10C4B2C495EE500D15985 /* Debug */,
				6FA10C4C2C495EE500D15985 /* Release */,
			);
			defaultConfigurationIsVisible = 0;
			defaultConfigurationName = Release;
		};
		6FA10C4D2C495EE500D15985 /* Build configuration list for PBXNativeTarget "Weather" */ = {
			isa = XCConfigurationList;
			buildConfigurations = (
				6FA10C4E2C495EE500D15985 /* Debug */,
				6FA10C4F2C495EE500D15985 /* Release */,
			);
			defaultConfigurationIsVisible = 0;
			defaultConfigurationName = Release;
		};
/* End XCConfigurationList section */
	};
	rootObject = 6FA10C312C495EE400D15985 /* Project object */;
}
